
Microsoft Visual Studio Solution File, Format Version 12.00
# Visual Studio Version 17
VisualStudioVersion = 17.12.35728.132 d17.12
MinimumVisualStudioVersion = 10.0.40219.1
Project("{FAE04EC0-301F-11D3-BF4B-00C04F79EFBC}") = "Aesthetica_design", "Aesthetica_design.csproj", "{B25339BA-989C-423C-A7B9-98C30317C65D}"
EndProject
Global
	GlobalSection(SolutionConfigurationPlatforms) = preSolution
		Debug|Any CPU = Debug|Any CPU
		Release|Any CPU = Release|Any CPU
	EndGlobalSection
	GlobalSection(ProjectConfigurationPlatforms) = postSolution
		{B25339BA-989C-423C-A7B9-98C30317C65D}.Debug|Any CPU.ActiveCfg = Debug|Any CPU
		{B25339BA-989C-423C-A7B9-98C30317C65D}.Debug|Any CPU.Build.0 = Debug|Any CPU
		{B25339BA-989C-423C-A7B9-98C30317C65D}.Release|Any CPU.ActiveCfg = Release|Any CPU
		{B25339BA-989C-423C-A7B9-98C30317C65D}.Release|Any CPU.Build.0 = Release|Any CPU
	EndGlobalSection
	GlobalSection(SolutionProperties) = preSolution
		HideSolutionNode = FALSE
	EndGlobalSection
EndGlobal
